{
  "name": "2d-engine-bounce",
  "version": "5.4.3",
  "lockfileVersion": 1,
  "requires": true,
  "dependencies": {
    "2d-engine": {
      "version": "5.4.2",
      "resolved": "https://registry.npmjs.org/2d-engine/-/2d-engine-5.4.2.tgz",
      "integrity": "sha512-zfPFsY+OT1JbmcGv+FfOmicyfuI19laRUjngB+nzRAwO7TfJYipthEAs68NcOnlIjFx7n24NS0129NtmeMFOog=="
    }
  }
}
