{
  "name": "2d-engine-bounce",
  "version": "5.4.0",
  "lockfileVersion": 1,
  "requires": true,
  "dependencies": {
    "2d-engine": {
      "version": "5.4.0",
      "resolved": "https://registry.npmjs.org/2d-engine/-/2d-engine-5.4.0.tgz",
      "integrity": "sha512-O/g+0wFXGhN28+QiHMDZrfO1jedmJuipI4BWiz+RTHSaZKBuPSFt8chKJeKWIFU2erX95gKKCMogaRtFVD2w5w==",
      "dev": true
    }
  }
}
